{
    "name": "mcbbsmis",
    "version": "30.29.3",
    "lockfileVersion": 2,
    "requires": true,
    "packages": {
        "": {
            "name": "mcbbsmis",
            "version": "30.29.3",
            "license": "MIT",
            "dependencies": {
                "bilibili-live-ws": "^5.1.1",
                "ini": "^2.0.0",
                "mcbbsmis-plugins-loader": "^1.1.2",
                "node-modules-import": "^1.1.1",
                "ws": "^8.2.2"
            }
        },
        "node_modules/@sindresorhus/is": {
            "version": "4.2.0",
            "resolved": "https://registry.npmjs.org/@sindresorhus/is/-/is-4.2.0.tgz",
            "integrity": "sha512-VkE3KLBmJwcCaVARtQpfuKcKv8gcBmUubrfHGF84dXuuW6jgsRYxPtzcIhPyK9WAPpRt2/xY6zkD9MnRaJzSyw==",
            "optional": true,
            "engines": {
                "node": ">=10"
            },
            "funding": {
                "url": "https://github.com/sindresorhus/is?sponsor=1"
            }
        },
        "node_modules/@szmarczak/http-timer": {
            "version": "4.0.6",
            "resolved": "https://registry.npmjs.org/@szmarczak/http-timer/-/http-timer-4.0.6.tgz",
            "integrity": "sha512-4BAffykYOgO+5nzBWYwE3W90sBgLJoUPRWWcL8wlyiM8IB8ipJz3UMJ9KXQd1RKQXpKp8Tutn80HZtWsu2u76w==",
            "optional": true,
            "dependencies": {
                "defer-to-connect": "^2.0.0"
            },
            "engines": {
                "node": ">=10"
            }
        },
        "node_modules/@types/cacheable-request": {
            "version": "6.0.2",
            "resolved": "https://registry.npmjs.org/@types/cacheable-request/-/cacheable-request-6.0.2.tgz",
            "integrity": "sha512-B3xVo+dlKM6nnKTcmm5ZtY/OL8bOAOd2Olee9M1zft65ox50OzjEHW91sDiU9j6cvW8Ejg1/Qkf4xd2kugApUA==",
            "optional": true,
            "dependencies": {
                "@types/http-cache-semantics": "*",
                "@types/keyv": "*",
                "@types/node": "*",
                "@types/responselike": "*"
            }
        },
        "node_modules/@types/http-cache-semantics": {
            "version": "4.0.1",
            "resolved": "https://registry.npmjs.org/@types/http-cache-semantics/-/http-cache-semantics-4.0.1.tgz",
            "integrity": "sha512-SZs7ekbP8CN0txVG2xVRH6EgKmEm31BOxA07vkFaETzZz1xh+cbt8BcI0slpymvwhx5dlFnQG2rTlPVQn+iRPQ==",
            "optional": true
        },
        "node_modules/@types/keyv": {
            "version": "3.1.3",
            "resolved": "https://registry.npmjs.org/@types/keyv/-/keyv-3.1.3.tgz",
            "integrity": "sha512-FXCJgyyN3ivVgRoml4h94G/p3kY+u/B86La+QptcqJaWtBWtmc6TtkNfS40n9bIvyLteHh7zXOtgbobORKPbDg==",
            "optional": true,
            "dependencies": {
                "@types/node": "*"
            }
        },
        "node_modules/@types/node": {
            "version": "16.9.6",
            "resolved": "https://registry.npmjs.org/@types/node/-/node-16.9.6.tgz",
            "integrity": "sha512-YHUZhBOMTM3mjFkXVcK+WwAcYmyhe1wL4lfqNtzI0b3qAy7yuSetnM7QJazgE5PFmgVTNGiLOgRFfJMqW7XpSQ==",
            "optional": true
        },
        "node_modules/@types/responselike": {
            "version": "1.0.0",
            "resolved": "https://registry.npmjs.org/@types/responselike/-/responselike-1.0.0.tgz",
            "integrity": "sha512-85Y2BjiufFzaMIlvJDvTTB8Fxl2xfLo4HgmHzVBz08w4wDePCTjYw66PdrolO0kzli3yam/YCgRufyo1DdQVTA==",
            "optional": true,
            "dependencies": {
                "@types/node": "*"
            }
        },
        "node_modules/bilibili-live-ws": {
            "version": "5.1.1",
            "resolved": "https://registry.npmjs.org/bilibili-live-ws/-/bilibili-live-ws-5.1.1.tgz",
            "integrity": "sha512-CAtq4LA2sEwVsVCRidSvkfCz/IU4Gar/0zemziuL2yOrlXKT1Rkl5K5UgUDUYjQ3VITHeQ4ZYH9p2MmYL1Ia7Q==",
            "dependencies": {
                "isomorphic-ws": "^4.0.1",
                "ws": "^7.2.0"
            },
            "optionalDependencies": {
                "got": "^11.1.4"
            }
        },
        "node_modules/bilibili-live-ws/node_modules/ws": {
            "version": "7.5.5",
            "resolved": "https://registry.npmjs.org/ws/-/ws-7.5.5.tgz",
            "integrity": "sha512-BAkMFcAzl8as1G/hArkxOxq3G7pjUqQ3gzYbLL0/5zNkph70e+lCoxBGnm6AW1+/aiNeV4fnKqZ8m4GZewmH2w==",
            "engines": {
                "node": ">=8.3.0"
            },
            "peerDependencies": {
                "bufferutil": "^4.0.1",
                "utf-8-validate": "^5.0.2"
            },
            "peerDependenciesMeta": {
                "bufferutil": {
                    "optional": true
                },
                "utf-8-validate": {
                    "optional": true
                }
            }
        },
        "node_modules/cacheable-lookup": {
            "version": "5.0.4",
            "resolved": "https://registry.npmjs.org/cacheable-lookup/-/cacheable-lookup-5.0.4.tgz",
            "integrity": "sha512-2/kNscPhpcxrOigMZzbiWF7dz8ilhb/nIHU3EyZiXWXpeq/au8qJ8VhdftMkty3n7Gj6HIGalQG8oiBNB3AJgA==",
            "optional": true,
            "engines": {
                "node": ">=10.6.0"
            }
        },
        "node_modules/cacheable-request": {
            "version": "7.0.2",
            "resolved": "https://registry.npmjs.org/cacheable-request/-/cacheable-request-7.0.2.tgz",
            "integrity": "sha512-pouW8/FmiPQbuGpkXQ9BAPv/Mo5xDGANgSNXzTzJ8DrKGuXOssM4wIQRjfanNRh3Yu5cfYPvcorqbhg2KIJtew==",
            "optional": true,
            "dependencies": {
                "clone-response": "^1.0.2",
                "get-stream": "^5.1.0",
                "http-cache-semantics": "^4.0.0",
                "keyv": "^4.0.0",
                "lowercase-keys": "^2.0.0",
                "normalize-url": "^6.0.1",
                "responselike": "^2.0.0"
            },
            "engines": {
                "node": ">=8"
            }
        },
        "node_modules/clone-response": {
            "version": "1.0.2",
            "resolved": "https://registry.npmjs.org/clone-response/-/clone-response-1.0.2.tgz",
            "integrity": "sha1-0dyXOSAxTfZ/vrlCI7TuNQI56Ws=",
            "optional": true,
            "dependencies": {
                "mimic-response": "^1.0.0"
            }
        },
        "node_modules/decompress-response": {
            "version": "6.0.0",
            "resolved": "https://registry.npmjs.org/decompress-response/-/decompress-response-6.0.0.tgz",
            "integrity": "sha512-aW35yZM6Bb/4oJlZncMH2LCoZtJXTRxES17vE3hoRiowU2kWHaJKFkSBDnDR+cm9J+9QhXmREyIfv0pji9ejCQ==",
            "optional": true,
            "dependencies": {
                "mimic-response": "^3.1.0"
            },
            "engines": {
                "node": ">=10"
            },
            "funding": {
                "url": "https://github.com/sponsors/sindresorhus"
            }
        },
        "node_modules/decompress-response/node_modules/mimic-response": {
            "version": "3.1.0",
            "resolved": "https://registry.npmjs.org/mimic-response/-/mimic-response-3.1.0.tgz",
            "integrity": "sha512-z0yWI+4FDrrweS8Zmt4Ej5HdJmky15+L2e6Wgn3+iK5fWzb6T3fhNFq2+MeTRb064c6Wr4N/wv0DzQTjNzHNGQ==",
            "optional": true,
            "engines": {
                "node": ">=10"
            },
            "funding": {
                "url": "https://github.com/sponsors/sindresorhus"
            }
        },
        "node_modules/defer-to-connect": {
            "version": "2.0.1",
            "resolved": "https://registry.npmjs.org/defer-to-connect/-/defer-to-connect-2.0.1.tgz",
            "integrity": "sha512-4tvttepXG1VaYGrRibk5EwJd1t4udunSOVMdLSAL6mId1ix438oPwPZMALY41FCijukO1L0twNcGsdzS7dHgDg==",
            "optional": true,
            "engines": {
                "node": ">=10"
            }
        },
        "node_modules/end-of-stream": {
            "version": "1.4.4",
            "resolved": "https://registry.npmjs.org/end-of-stream/-/end-of-stream-1.4.4.tgz",
            "integrity": "sha512-+uw1inIHVPQoaVuHzRyXd21icM+cnt4CzD5rW+NC1wjOUSTOs+Te7FOv7AhN7vS9x/oIyhLP5PR1H+phQAHu5Q==",
            "optional": true,
            "dependencies": {
                "once": "^1.4.0"
            }
        },
        "node_modules/get-stream": {
            "version": "5.2.0",
            "resolved": "https://registry.npmjs.org/get-stream/-/get-stream-5.2.0.tgz",
            "integrity": "sha512-nBF+F1rAZVCu/p7rjzgA+Yb4lfYXrpl7a6VmJrU8wF9I1CKvP/QwPNZHnOlwbTkY6dvtFIzFMSyQXbLoTQPRpA==",
            "optional": true,
            "dependencies": {
                "pump": "^3.0.0"
            },
            "engines": {
                "node": ">=8"
            },
            "funding": {
                "url": "https://github.com/sponsors/sindresorhus"
            }
        },
        "node_modules/got": {
            "version": "11.8.6",
            "resolved": "https://registry.npmjs.org/got/-/got-11.8.6.tgz",
            "integrity": "sha512-6tfZ91bOr7bOXnK7PRDCGBLa1H4U080YHNaAQ2KsMGlLEzRbk44nsZF2E1IeRc3vtJHPVbKCYgdFbaGO2ljd8g==",
            "optional": true,
            "dependencies": {
                "@sindresorhus/is": "^4.0.0",
                "@szmarczak/http-timer": "^4.0.5",
                "@types/cacheable-request": "^6.0.1",
                "@types/responselike": "^1.0.0",
                "cacheable-lookup": "^5.0.3",
                "cacheable-request": "^7.0.2",
                "decompress-response": "^6.0.0",
                "http2-wrapper": "^1.0.0-beta.5.2",
                "lowercase-keys": "^2.0.0",
                "p-cancelable": "^2.0.0",
                "responselike": "^2.0.0"
            },
            "engines": {
                "node": ">=10.19.0"
            },
            "funding": {
                "url": "https://github.com/sindresorhus/got?sponsor=1"
            }
        },
        "node_modules/http-cache-semantics": {
            "version": "4.1.1",
            "resolved": "https://registry.npmjs.org/http-cache-semantics/-/http-cache-semantics-4.1.1.tgz",
            "integrity": "sha512-er295DKPVsV82j5kw1Gjt+ADA/XYHsajl82cGNQG2eyoPkvgUhX+nDIyelzhIWbbsXP39EHcI6l5tYs2FYqYXQ==",
            "optional": true
        },
        "node_modules/http2-wrapper": {
            "version": "1.0.3",
            "resolved": "https://registry.npmjs.org/http2-wrapper/-/http2-wrapper-1.0.3.tgz",
            "integrity": "sha512-V+23sDMr12Wnz7iTcDeJr3O6AIxlnvT/bmaAAAP/Xda35C90p9599p0F1eHR/N1KILWSoWVAiOMFjBBXaXSMxg==",
            "optional": true,
            "dependencies": {
                "quick-lru": "^5.1.1",
                "resolve-alpn": "^1.0.0"
            },
            "engines": {
                "node": ">=10.19.0"
            }
        },
        "node_modules/ini": {
            "version": "2.0.0",
            "resolved": "https://registry.npmjs.org/ini/-/ini-2.0.0.tgz",
            "integrity": "sha512-7PnF4oN3CvZF23ADhA5wRaYEQpJ8qygSkbtTXWBeXWXmEVRXK+1ITciHWwHhsjv1TmW0MgacIv6hEi5pX5NQdA==",
            "engines": {
                "node": ">=10"
            }
        },
        "node_modules/isomorphic-ws": {
            "version": "4.0.1",
            "resolved": "https://registry.npmjs.org/isomorphic-ws/-/isomorphic-ws-4.0.1.tgz",
            "integrity": "sha512-BhBvN2MBpWTaSHdWRb/bwdZJ1WaehQ2L1KngkCkfLUGF0mAWAT1sQUQacEmQ0jXkFw/czDXPNQSL5u2/Krsz1w==",
            "peerDependencies": {
                "ws": "*"
            }
        },
        "node_modules/json-buffer": {
            "version": "3.0.1",
            "resolved": "https://registry.npmjs.org/json-buffer/-/json-buffer-3.0.1.tgz",
            "integrity": "sha512-4bV5BfR2mqfQTJm+V5tPPdf+ZpuhiIvTuAB5g8kcrXOZpTT/QwwVRWBywX1ozr6lEuPdbHxwaJlm9G6mI2sfSQ==",
            "optional": true
        },
        "node_modules/keyv": {
            "version": "4.0.3",
            "resolved": "https://registry.npmjs.org/keyv/-/keyv-4.0.3.tgz",
            "integrity": "sha512-zdGa2TOpSZPq5mU6iowDARnMBZgtCqJ11dJROFi6tg6kTn4nuUdU09lFyLFSaHrWqpIJ+EBq4E8/Dc0Vx5vLdA==",
            "optional": true,
            "dependencies": {
                "json-buffer": "3.0.1"
            }
        },
        "node_modules/lowercase-keys": {
            "version": "2.0.0",
            "resolved": "https://registry.npmjs.org/lowercase-keys/-/lowercase-keys-2.0.0.tgz",
            "integrity": "sha512-tqNXrS78oMOE73NMxK4EMLQsQowWf8jKooH9g7xPavRT706R6bkQJ6DY2Te7QukaZsulxa30wQ7bk0pm4XiHmA==",
            "optional": true,
            "engines": {
                "node": ">=8"
            }
        },
        "node_modules/mcbbsmis-plugins-loader": {
            "version": "1.1.2",
            "resolved": "https://registry.npmjs.org/mcbbsmis-plugins-loader/-/mcbbsmis-plugins-loader-1.1.2.tgz",
            "integrity": "sha512-mL0YsmWjPtr9SdjxInVDOjyyNS1WcupsFLdQruO9n2ufJ8GDgXvY8dVZ/2F91DEaeEobQkckjWbDXKdZkKtTPQ=="
        },
        "node_modules/mimic-response": {
            "version": "1.0.1",
            "resolved": "https://registry.npmjs.org/mimic-response/-/mimic-response-1.0.1.tgz",
            "integrity": "sha512-j5EctnkH7amfV/q5Hgmoal1g2QHFJRraOtmx0JpIqkxhBhI/lJSl1nMpQ45hVarwNETOoWEimndZ4QK0RHxuxQ==",
            "optional": true,
            "engines": {
                "node": ">=4"
            }
        },
        "node_modules/node-modules-import": {
            "version": "1.1.1",
            "resolved": "https://registry.npmjs.org/node-modules-import/-/node-modules-import-1.1.1.tgz",
            "integrity": "sha512-E60yIcDJenAdB/FwYkWMpAE0j+eXXK/Wr/Et7Rbu28lniF3hBu3VQAwrvbDmT94NheraiSEp1qHesQUzpasaXg=="
        },
        "node_modules/normalize-url": {
            "version": "6.1.0",
            "resolved": "https://registry.npmjs.org/normalize-url/-/normalize-url-6.1.0.tgz",
            "integrity": "sha512-DlL+XwOy3NxAQ8xuC0okPgK46iuVNAK01YN7RueYBqqFeGsBjV9XmCAzAdgt+667bCl5kPh9EqKKDwnaPG1I7A==",
            "optional": true,
            "engines": {
                "node": ">=10"
            },
            "funding": {
                "url": "https://github.com/sponsors/sindresorhus"
            }
        },
        "node_modules/once": {
            "version": "1.4.0",
            "resolved": "https://registry.npmjs.org/once/-/once-1.4.0.tgz",
            "integrity": "sha1-WDsap3WWHUsROsF9nFC6753Xa9E=",
            "optional": true,
            "dependencies": {
                "wrappy": "1"
            }
        },
        "node_modules/p-cancelable": {
            "version": "2.1.1",
            "resolved": "https://registry.npmjs.org/p-cancelable/-/p-cancelable-2.1.1.tgz",
            "integrity": "sha512-BZOr3nRQHOntUjTrH8+Lh54smKHoHyur8We1V8DSMVrl5A2malOOwuJRnKRDjSnkoeBh4at6BwEnb5I7Jl31wg==",
            "optional": true,
            "engines": {
                "node": ">=8"
            }
        },
        "node_modules/pump": {
            "version": "3.0.0",
            "resolved": "https://registry.npmjs.org/pump/-/pump-3.0.0.tgz",
            "integrity": "sha512-LwZy+p3SFs1Pytd/jYct4wpv49HiYCqd9Rlc5ZVdk0V+8Yzv6jR5Blk3TRmPL1ft69TxP0IMZGJ+WPFU2BFhww==",
            "optional": true,
            "dependencies": {
                "end-of-stream": "^1.1.0",
                "once": "^1.3.1"
            }
        },
        "node_modules/quick-lru": {
            "version": "5.1.1",
            "resolved": "https://registry.npmjs.org/quick-lru/-/quick-lru-5.1.1.tgz",
            "integrity": "sha512-WuyALRjWPDGtt/wzJiadO5AXY+8hZ80hVpe6MyivgraREW751X3SbhRvG3eLKOYN+8VEvqLcf3wdnt44Z4S4SA==",
            "optional": true,
            "engines": {
                "node": ">=10"
            },
            "funding": {
                "url": "https://github.com/sponsors/sindresorhus"
            }
        },
        "node_modules/resolve-alpn": {
            "version": "1.2.1",
            "resolved": "https://registry.npmjs.org/resolve-alpn/-/resolve-alpn-1.2.1.tgz",
            "integrity": "sha512-0a1F4l73/ZFZOakJnQ3FvkJ2+gSTQWz/r2KE5OdDY0TxPm5h4GkqkWWfM47T7HsbnOtcJVEF4epCVy6u7Q3K+g==",
            "optional": true
        },
        "node_modules/responselike": {
            "version": "2.0.0",
            "resolved": "https://registry.npmjs.org/responselike/-/responselike-2.0.0.tgz",
            "integrity": "sha512-xH48u3FTB9VsZw7R+vvgaKeLKzT6jOogbQhEe/jewwnZgzPcnyWui2Av6JpoYZF/91uueC+lqhWqeURw5/qhCw==",
            "optional": true,
            "dependencies": {
                "lowercase-keys": "^2.0.0"
            }
        },
        "node_modules/wrappy": {
            "version": "1.0.2",
            "resolved": "https://registry.npmjs.org/wrappy/-/wrappy-1.0.2.tgz",
            "integrity": "sha1-tSQ9jz7BqjXxNkYFvA0QNuMKtp8=",
            "optional": true
        },
        "node_modules/ws": {
            "version": "8.17.1",
            "resolved": "https://registry.npmjs.org/ws/-/ws-8.17.1.tgz",
            "integrity": "sha512-6XQFvXTkbfUOZOKKILFG1PDK2NDQs4azKQl26T0YS5CxqWLgXajbPZ+h4gZekJyRqFU8pvnbAbbs/3TgRPy+GQ==",
            "engines": {
                "node": ">=10.0.0"
            },
            "peerDependencies": {
                "bufferutil": "^4.0.1",
                "utf-8-validate": ">=5.0.2"
            },
            "peerDependenciesMeta": {
                "bufferutil": {
                    "optional": true
                },
                "utf-8-validate": {
                    "optional": true
                }
            }
        }
    },
    "dependencies": {
        "@sindresorhus/is": {
            "version": "4.2.0",
            "resolved": "https://registry.npmjs.org/@sindresorhus/is/-/is-4.2.0.tgz",
            "integrity": "sha512-VkE3KLBmJwcCaVARtQpfuKcKv8gcBmUubrfHGF84dXuuW6jgsRYxPtzcIhPyK9WAPpRt2/xY6zkD9MnRaJzSyw==",
            "optional": true
        },
        "@szmarczak/http-timer": {
            "version": "4.0.6",
            "resolved": "https://registry.npmjs.org/@szmarczak/http-timer/-/http-timer-4.0.6.tgz",
            "integrity": "sha512-4BAffykYOgO+5nzBWYwE3W90sBgLJoUPRWWcL8wlyiM8IB8ipJz3UMJ9KXQd1RKQXpKp8Tutn80HZtWsu2u76w==",
            "optional": true,
            "requires": {
                "defer-to-connect": "^2.0.0"
            }
        },
        "@types/cacheable-request": {
            "version": "6.0.2",
            "resolved": "https://registry.npmjs.org/@types/cacheable-request/-/cacheable-request-6.0.2.tgz",
            "integrity": "sha512-B3xVo+dlKM6nnKTcmm5ZtY/OL8bOAOd2Olee9M1zft65ox50OzjEHW91sDiU9j6cvW8Ejg1/Qkf4xd2kugApUA==",
            "optional": true,
            "requires": {
                "@types/http-cache-semantics": "*",
                "@types/keyv": "*",
                "@types/node": "*",
                "@types/responselike": "*"
            }
        },
        "@types/http-cache-semantics": {
            "version": "4.0.1",
            "resolved": "https://registry.npmjs.org/@types/http-cache-semantics/-/http-cache-semantics-4.0.1.tgz",
            "integrity": "sha512-SZs7ekbP8CN0txVG2xVRH6EgKmEm31BOxA07vkFaETzZz1xh+cbt8BcI0slpymvwhx5dlFnQG2rTlPVQn+iRPQ==",
            "optional": true
        },
        "@types/keyv": {
            "version": "3.1.3",
            "resolved": "https://registry.npmjs.org/@types/keyv/-/keyv-3.1.3.tgz",
            "integrity": "sha512-FXCJgyyN3ivVgRoml4h94G/p3kY+u/B86La+QptcqJaWtBWtmc6TtkNfS40n9bIvyLteHh7zXOtgbobORKPbDg==",
            "optional": true,
            "requires": {
                "@types/node": "*"
            }
        },
        "@types/node": {
            "version": "16.9.6",
            "resolved": "https://registry.npmjs.org/@types/node/-/node-16.9.6.tgz",
            "integrity": "sha512-YHUZhBOMTM3mjFkXVcK+WwAcYmyhe1wL4lfqNtzI0b3qAy7yuSetnM7QJazgE5PFmgVTNGiLOgRFfJMqW7XpSQ==",
            "optional": true
        },
        "@types/responselike": {
            "version": "1.0.0",
            "resolved": "https://registry.npmjs.org/@types/responselike/-/responselike-1.0.0.tgz",
            "integrity": "sha512-85Y2BjiufFzaMIlvJDvTTB8Fxl2xfLo4HgmHzVBz08w4wDePCTjYw66PdrolO0kzli3yam/YCgRufyo1DdQVTA==",
            "optional": true,
            "requires": {
                "@types/node": "*"
            }
        },
        "bilibili-live-ws": {
            "version": "5.1.1",
            "resolved": "https://registry.npmjs.org/bilibili-live-ws/-/bilibili-live-ws-5.1.1.tgz",
            "integrity": "sha512-CAtq4LA2sEwVsVCRidSvkfCz/IU4Gar/0zemziuL2yOrlXKT1Rkl5K5UgUDUYjQ3VITHeQ4ZYH9p2MmYL1Ia7Q==",
            "requires": {
                "got": "^11.1.4",
                "isomorphic-ws": "^4.0.1",
                "ws": "^7.2.0"
            },
            "dependencies": {
                "ws": {
                    "version": "7.5.5",
                    "resolved": "https://registry.npmjs.org/ws/-/ws-7.5.5.tgz",
                    "integrity": "sha512-BAkMFcAzl8as1G/hArkxOxq3G7pjUqQ3gzYbLL0/5zNkph70e+lCoxBGnm6AW1+/aiNeV4fnKqZ8m4GZewmH2w==",
                    "requires": {}
                }
            }
        },
        "cacheable-lookup": {
            "version": "5.0.4",
            "resolved": "https://registry.npmjs.org/cacheable-lookup/-/cacheable-lookup-5.0.4.tgz",
            "integrity": "sha512-2/kNscPhpcxrOigMZzbiWF7dz8ilhb/nIHU3EyZiXWXpeq/au8qJ8VhdftMkty3n7Gj6HIGalQG8oiBNB3AJgA==",
            "optional": true
        },
        "cacheable-request": {
            "version": "7.0.2",
            "resolved": "https://registry.npmjs.org/cacheable-request/-/cacheable-request-7.0.2.tgz",
            "integrity": "sha512-pouW8/FmiPQbuGpkXQ9BAPv/Mo5xDGANgSNXzTzJ8DrKGuXOssM4wIQRjfanNRh3Yu5cfYPvcorqbhg2KIJtew==",
            "optional": true,
            "requires": {
                "clone-response": "^1.0.2",
                "get-stream": "^5.1.0",
                "http-cache-semantics": "^4.0.0",
                "keyv": "^4.0.0",
                "lowercase-keys": "^2.0.0",
                "normalize-url": "^6.0.1",
                "responselike": "^2.0.0"
            }
        },
        "clone-response": {
            "version": "1.0.2",
            "resolved": "https://registry.npmjs.org/clone-response/-/clone-response-1.0.2.tgz",
            "integrity": "sha1-0dyXOSAxTfZ/vrlCI7TuNQI56Ws=",
            "optional": true,
            "requires": {
                "mimic-response": "^1.0.0"
            }
        },
        "decompress-response": {
            "version": "6.0.0",
            "resolved": "https://registry.npmjs.org/decompress-response/-/decompress-response-6.0.0.tgz",
            "integrity": "sha512-aW35yZM6Bb/4oJlZncMH2LCoZtJXTRxES17vE3hoRiowU2kWHaJKFkSBDnDR+cm9J+9QhXmREyIfv0pji9ejCQ==",
            "optional": true,
            "requires": {
                "mimic-response": "^3.1.0"
            },
            "dependencies": {
                "mimic-response": {
                    "version": "3.1.0",
                    "resolved": "https://registry.npmjs.org/mimic-response/-/mimic-response-3.1.0.tgz",
                    "integrity": "sha512-z0yWI+4FDrrweS8Zmt4Ej5HdJmky15+L2e6Wgn3+iK5fWzb6T3fhNFq2+MeTRb064c6Wr4N/wv0DzQTjNzHNGQ==",
                    "optional": true
                }
            }
        },
        "defer-to-connect": {
            "version": "2.0.1",
            "resolved": "https://registry.npmjs.org/defer-to-connect/-/defer-to-connect-2.0.1.tgz",
            "integrity": "sha512-4tvttepXG1VaYGrRibk5EwJd1t4udunSOVMdLSAL6mId1ix438oPwPZMALY41FCijukO1L0twNcGsdzS7dHgDg==",
            "optional": true
        },
        "end-of-stream": {
            "version": "1.4.4",
            "resolved": "https://registry.npmjs.org/end-of-stream/-/end-of-stream-1.4.4.tgz",
            "integrity": "sha512-+uw1inIHVPQoaVuHzRyXd21icM+cnt4CzD5rW+NC1wjOUSTOs+Te7FOv7AhN7vS9x/oIyhLP5PR1H+phQAHu5Q==",
            "optional": true,
            "requires": {
                "once": "^1.4.0"
            }
        },
        "get-stream": {
            "version": "5.2.0",
            "resolved": "https://registry.npmjs.org/get-stream/-/get-stream-5.2.0.tgz",
            "integrity": "sha512-nBF+F1rAZVCu/p7rjzgA+Yb4lfYXrpl7a6VmJrU8wF9I1CKvP/QwPNZHnOlwbTkY6dvtFIzFMSyQXbLoTQPRpA==",
            "optional": true,
            "requires": {
                "pump": "^3.0.0"
            }
        },
        "got": {
            "version": "11.8.6",
            "resolved": "https://registry.npmjs.org/got/-/got-11.8.6.tgz",
            "integrity": "sha512-6tfZ91bOr7bOXnK7PRDCGBLa1H4U080YHNaAQ2KsMGlLEzRbk44nsZF2E1IeRc3vtJHPVbKCYgdFbaGO2ljd8g==",
            "optional": true,
            "requires": {
                "@sindresorhus/is": "^4.0.0",
                "@szmarczak/http-timer": "^4.0.5",
                "@types/cacheable-request": "^6.0.1",
                "@types/responselike": "^1.0.0",
                "cacheable-lookup": "^5.0.3",
                "cacheable-request": "^7.0.2",
                "decompress-response": "^6.0.0",
                "http2-wrapper": "^1.0.0-beta.5.2",
                "lowercase-keys": "^2.0.0",
                "p-cancelable": "^2.0.0",
                "responselike": "^2.0.0"
            }
        },
        "http-cache-semantics": {
            "version": "4.1.1",
            "resolved": "https://registry.npmjs.org/http-cache-semantics/-/http-cache-semantics-4.1.1.tgz",
            "integrity": "sha512-er295DKPVsV82j5kw1Gjt+ADA/XYHsajl82cGNQG2eyoPkvgUhX+nDIyelzhIWbbsXP39EHcI6l5tYs2FYqYXQ==",
            "optional": true
        },
        "http2-wrapper": {
            "version": "1.0.3",
            "resolved": "https://registry.npmjs.org/http2-wrapper/-/http2-wrapper-1.0.3.tgz",
            "integrity": "sha512-V+23sDMr12Wnz7iTcDeJr3O6AIxlnvT/bmaAAAP/Xda35C90p9599p0F1eHR/N1KILWSoWVAiOMFjBBXaXSMxg==",
            "optional": true,
            "requires": {
                "quick-lru": "^5.1.1",
                "resolve-alpn": "^1.0.0"
            }
        },
        "ini": {
            "version": "2.0.0",
            "resolved": "https://registry.npmjs.org/ini/-/ini-2.0.0.tgz",
            "integrity": "sha512-7PnF4oN3CvZF23ADhA5wRaYEQpJ8qygSkbtTXWBeXWXmEVRXK+1ITciHWwHhsjv1TmW0MgacIv6hEi5pX5NQdA=="
        },
        "isomorphic-ws": {
            "version": "4.0.1",
            "resolved": "https://registry.npmjs.org/isomorphic-ws/-/isomorphic-ws-4.0.1.tgz",
            "integrity": "sha512-BhBvN2MBpWTaSHdWRb/bwdZJ1WaehQ2L1KngkCkfLUGF0mAWAT1sQUQacEmQ0jXkFw/czDXPNQSL5u2/Krsz1w==",
            "requires": {}
        },
        "json-buffer": {
            "version": "3.0.1",
            "resolved": "https://registry.npmjs.org/json-buffer/-/json-buffer-3.0.1.tgz",
            "integrity": "sha512-4bV5BfR2mqfQTJm+V5tPPdf+ZpuhiIvTuAB5g8kcrXOZpTT/QwwVRWBywX1ozr6lEuPdbHxwaJlm9G6mI2sfSQ==",
            "optional": true
        },
        "keyv": {
            "version": "4.0.3",
            "resolved": "https://registry.npmjs.org/keyv/-/keyv-4.0.3.tgz",
            "integrity": "sha512-zdGa2TOpSZPq5mU6iowDARnMBZgtCqJ11dJROFi6tg6kTn4nuUdU09lFyLFSaHrWqpIJ+EBq4E8/Dc0Vx5vLdA==",
            "optional": true,
            "requires": {
                "json-buffer": "3.0.1"
            }
        },
        "lowercase-keys": {
            "version": "2.0.0",
            "resolved": "https://registry.npmjs.org/lowercase-keys/-/lowercase-keys-2.0.0.tgz",
            "integrity": "sha512-tqNXrS78oMOE73NMxK4EMLQsQowWf8jKooH9g7xPavRT706R6bkQJ6DY2Te7QukaZsulxa30wQ7bk0pm4XiHmA==",
            "optional": true
        },
        "mcbbsmis-plugins-loader": {
            "version": "1.1.2",
            "resolved": "https://registry.npmjs.org/mcbbsmis-plugins-loader/-/mcbbsmis-plugins-loader-1.1.2.tgz",
            "integrity": "sha512-mL0YsmWjPtr9SdjxInVDOjyyNS1WcupsFLdQruO9n2ufJ8GDgXvY8dVZ/2F91DEaeEobQkckjWbDXKdZkKtTPQ=="
        },
        "mimic-response": {
            "version": "1.0.1",
            "resolved": "https://registry.npmjs.org/mimic-response/-/mimic-response-1.0.1.tgz",
            "integrity": "sha512-j5EctnkH7amfV/q5Hgmoal1g2QHFJRraOtmx0JpIqkxhBhI/lJSl1nMpQ45hVarwNETOoWEimndZ4QK0RHxuxQ==",
            "optional": true
        },
        "node-modules-import": {
            "version": "1.1.1",
            "resolved": "https://registry.npmjs.org/node-modules-import/-/node-modules-import-1.1.1.tgz",
            "integrity": "sha512-E60yIcDJenAdB/FwYkWMpAE0j+eXXK/Wr/Et7Rbu28lniF3hBu3VQAwrvbDmT94NheraiSEp1qHesQUzpasaXg=="
        },
        "normalize-url": {
            "version": "6.1.0",
            "resolved": "https://registry.npmjs.org/normalize-url/-/normalize-url-6.1.0.tgz",
            "integrity": "sha512-DlL+XwOy3NxAQ8xuC0okPgK46iuVNAK01YN7RueYBqqFeGsBjV9XmCAzAdgt+667bCl5kPh9EqKKDwnaPG1I7A==",
            "optional": true
        },
        "once": {
            "version": "1.4.0",
            "resolved": "https://registry.npmjs.org/once/-/once-1.4.0.tgz",
            "integrity": "sha1-WDsap3WWHUsROsF9nFC6753Xa9E=",
            "optional": true,
            "requires": {
                "wrappy": "1"
            }
        },
        "p-cancelable": {
            "version": "2.1.1",
            "resolved": "https://registry.npmjs.org/p-cancelable/-/p-cancelable-2.1.1.tgz",
            "integrity": "sha512-BZOr3nRQHOntUjTrH8+Lh54smKHoHyur8We1V8DSMVrl5A2malOOwuJRnKRDjSnkoeBh4at6BwEnb5I7Jl31wg==",
            "optional": true
        },
        "pump": {
            "version": "3.0.0",
            "resolved": "https://registry.npmjs.org/pump/-/pump-3.0.0.tgz",
            "integrity": "sha512-LwZy+p3SFs1Pytd/jYct4wpv49HiYCqd9Rlc5ZVdk0V+8Yzv6jR5Blk3TRmPL1ft69TxP0IMZGJ+WPFU2BFhww==",
            "optional": true,
            "requires": {
                "end-of-stream": "^1.1.0",
                "once": "^1.3.1"
            }
        },
        "quick-lru": {
            "version": "5.1.1",
            "resolved": "https://registry.npmjs.org/quick-lru/-/quick-lru-5.1.1.tgz",
            "integrity": "sha512-WuyALRjWPDGtt/wzJiadO5AXY+8hZ80hVpe6MyivgraREW751X3SbhRvG3eLKOYN+8VEvqLcf3wdnt44Z4S4SA==",
            "optional": true
        },
        "resolve-alpn": {
            "version": "1.2.1",
            "resolved": "https://registry.npmjs.org/resolve-alpn/-/resolve-alpn-1.2.1.tgz",
            "integrity": "sha512-0a1F4l73/ZFZOakJnQ3FvkJ2+gSTQWz/r2KE5OdDY0TxPm5h4GkqkWWfM47T7HsbnOtcJVEF4epCVy6u7Q3K+g==",
            "optional": true
        },
        "responselike": {
            "version": "2.0.0",
            "resolved": "https://registry.npmjs.org/responselike/-/responselike-2.0.0.tgz",
            "integrity": "sha512-xH48u3FTB9VsZw7R+vvgaKeLKzT6jOogbQhEe/jewwnZgzPcnyWui2Av6JpoYZF/91uueC+lqhWqeURw5/qhCw==",
            "optional": true,
            "requires": {
                "lowercase-keys": "^2.0.0"
            }
        },
        "wrappy": {
            "version": "1.0.2",
            "resolved": "https://registry.npmjs.org/wrappy/-/wrappy-1.0.2.tgz",
            "integrity": "sha1-tSQ9jz7BqjXxNkYFvA0QNuMKtp8=",
            "optional": true
        },
        "ws": {
            "version": "8.17.1",
            "resolved": "https://registry.npmjs.org/ws/-/ws-8.17.1.tgz",
            "integrity": "sha512-6XQFvXTkbfUOZOKKILFG1PDK2NDQs4azKQl26T0YS5CxqWLgXajbPZ+h4gZekJyRqFU8pvnbAbbs/3TgRPy+GQ==",
            "requires": {}
        }
    }
}
